# This file was autogenerated by Stack.
# You should not edit this file by hand.
# For more information, please see the documentation at:
#   https://docs.haskellstack.org/en/stable/lock_files

packages: []
snapshots:
- completed:
    sha256: 377367e588fbed4c6dd3b0b8127622161a18395c2bb1d676b9eb53965b3f11b5
    size: 632119
    url: https://raw.githubusercontent.com/commercialhaskell/stackage-snapshots/master/nightly/2023/5/28.yaml
  original: nightly-2023-05-28
